
Microsoft Visual Studio Solution File, Format Version 12.00
# Visual Studio Version 17
VisualStudioVersion = 17.1.32228.430
MinimumVisualStudioVersion = 10.0.40219.1
Project("{FAE04EC0-301F-11D3-BF4B-00C04F79EFBC}") = "Client-Console", "..\Client-Console\Client-Console.csproj", "{38B923A4-0896-49EC-9C20-944F8294A448}"
EndProject
Project("{2150E333-8FDC-42A3-9474-1A3956D46DE8}") = "Redis", "Redis", "{66AD0BC3-5E0D-446E-951F-7C684FBC2687}"
EndProject
Project("{FAE04EC0-301F-11D3-BF4B-00C04F79EFBC}") = "TestMqShared", "..\TestMqShared\TestMqShared.csproj", "{8C4FE730-09A4-4F3F-8155-4A62C137FF22}"
EndProject
Project("{FAE04EC0-301F-11D3-BF4B-00C04F79EFBC}") = "Server", "..\Server\Server.csproj", "{763F73B0-5761-4259-A8C6-305D9DFD691A}"
EndProject
Global
	GlobalSection(SolutionConfigurationPlatforms) = preSolution
		Debug|Any CPU = Debug|Any CPU
		Release|Any CPU = Release|Any CPU
	EndGlobalSection
	GlobalSection(ProjectConfigurationPlatforms) = postSolution
		{38B923A4-0896-49EC-9C20-944F8294A448}.Debug|Any CPU.ActiveCfg = Debug|Any CPU
		{38B923A4-0896-49EC-9C20-944F8294A448}.Debug|Any CPU.Build.0 = Debug|Any CPU
		{38B923A4-0896-49EC-9C20-944F8294A448}.Release|Any CPU.ActiveCfg = Release|Any CPU
		{38B923A4-0896-49EC-9C20-944F8294A448}.Release|Any CPU.Build.0 = Release|Any CPU
		{8C4FE730-09A4-4F3F-8155-4A62C137FF22}.Debug|Any CPU.ActiveCfg = Debug|Any CPU
		{8C4FE730-09A4-4F3F-8155-4A62C137FF22}.Debug|Any CPU.Build.0 = Debug|Any CPU
		{8C4FE730-09A4-4F3F-8155-4A62C137FF22}.Release|Any CPU.ActiveCfg = Release|Any CPU
		{8C4FE730-09A4-4F3F-8155-4A62C137FF22}.Release|Any CPU.Build.0 = Release|Any CPU
		{763F73B0-5761-4259-A8C6-305D9DFD691A}.Debug|Any CPU.ActiveCfg = Debug|Any CPU
		{763F73B0-5761-4259-A8C6-305D9DFD691A}.Debug|Any CPU.Build.0 = Debug|Any CPU
		{763F73B0-5761-4259-A8C6-305D9DFD691A}.Release|Any CPU.ActiveCfg = Release|Any CPU
		{763F73B0-5761-4259-A8C6-305D9DFD691A}.Release|Any CPU.Build.0 = Release|Any CPU
	EndGlobalSection
	GlobalSection(SolutionProperties) = preSolution
		HideSolutionNode = FALSE
	EndGlobalSection
	GlobalSection(NestedProjects) = preSolution
		{38B923A4-0896-49EC-9C20-944F8294A448} = {66AD0BC3-5E0D-446E-951F-7C684FBC2687}
		{8C4FE730-09A4-4F3F-8155-4A62C137FF22} = {66AD0BC3-5E0D-446E-951F-7C684FBC2687}
		{763F73B0-5761-4259-A8C6-305D9DFD691A} = {66AD0BC3-5E0D-446E-951F-7C684FBC2687}
	EndGlobalSection
	GlobalSection(ExtensibilityGlobals) = postSolution
		SolutionGuid = {8EB9AB1E-606F-4CC5-8567-19A695640842}
	EndGlobalSection
EndGlobal
